
Microsoft Visual Studio Solution File, Format Version 12.00
# Visual Studio Version 16
VisualStudioVersion = 16.0.30523.141
MinimumVisualStudioVersion = 10.0.40219.1
Project("{FAE04EC0-301F-11D3-BF4B-00C04F79EFBC}") = "Pata_WPF_Commerce", "Pata_WPF_Commerce\Pata_WPF_Commerce.csproj", "{05DB6248-164D-4144-A958-8FBD425A29A1}"
	ProjectSection(ProjectDependencies) = postProject
		{2FFB397C-AEBE-439A-9699-EEEB93EDF2E6} = {2FFB397C-AEBE-439A-9699-EEEB93EDF2E6}
	EndProjectSection
EndProject
Project("{FAE04EC0-301F-11D3-BF4B-00C04F79EFBC}") = "Database", "Database\Database.csproj", "{A600B84F-0710-4185-AD8F-5366F24E6A77}"
EndProject
Project("{FAE04EC0-301F-11D3-BF4B-00C04F79EFBC}") = "WcfService_Client", "WcfService_Client\WcfService_Client.csproj", "{2FFB397C-AEBE-439A-9699-EEEB93EDF2E6}"
EndProject
Global
	GlobalSection(SolutionConfigurationPlatforms) = preSolution
		Debug|Any CPU = Debug|Any CPU
		Release|Any CPU = Release|Any CPU
	EndGlobalSection
	GlobalSection(ProjectConfigurationPlatforms) = postSolution
		{05DB6248-164D-4144-A958-8FBD425A29A1}.Debug|Any CPU.ActiveCfg = Debug|Any CPU
		{05DB6248-164D-4144-A958-8FBD425A29A1}.Debug|Any CPU.Build.0 = Debug|Any CPU
		{05DB6248-164D-4144-A958-8FBD425A29A1}.Release|Any CPU.ActiveCfg = Release|Any CPU
		{05DB6248-164D-4144-A958-8FBD425A29A1}.Release|Any CPU.Build.0 = Release|Any CPU
		{A600B84F-0710-4185-AD8F-5366F24E6A77}.Debug|Any CPU.ActiveCfg = Debug|Any CPU
		{A600B84F-0710-4185-AD8F-5366F24E6A77}.Debug|Any CPU.Build.0 = Debug|Any CPU
		{A600B84F-0710-4185-AD8F-5366F24E6A77}.Release|Any CPU.ActiveCfg = Release|Any CPU
		{A600B84F-0710-4185-AD8F-5366F24E6A77}.Release|Any CPU.Build.0 = Release|Any CPU
		{2FFB397C-AEBE-439A-9699-EEEB93EDF2E6}.Debug|Any CPU.ActiveCfg = Debug|Any CPU
		{2FFB397C-AEBE-439A-9699-EEEB93EDF2E6}.Debug|Any CPU.Build.0 = Debug|Any CPU
		{2FFB397C-AEBE-439A-9699-EEEB93EDF2E6}.Release|Any CPU.ActiveCfg = Release|Any CPU
		{2FFB397C-AEBE-439A-9699-EEEB93EDF2E6}.Release|Any CPU.Build.0 = Release|Any CPU
	EndGlobalSection
	GlobalSection(SolutionProperties) = preSolution
		HideSolutionNode = FALSE
	EndGlobalSection
	GlobalSection(ExtensibilityGlobals) = postSolution
		SolutionGuid = {4FEE3BA2-C38F-4543-B0FD-E38133E67AB6}
	EndGlobalSection
EndGlobal
